
Microsoft Visual Studio Solution File, Format Version 12.00
# Visual Studio Version 17
VisualStudioVersion = 17.10.34928.147
MinimumVisualStudioVersion = 10.0.40219.1
Project("{8BC9CEB8-8B4A-11D0-8D11-00A0C91BC942}") = "202_LibrarySystemOOP", "202_LibrarySystemOOP.vcxproj", "{FE7C61D9-F645-48EA-BF69-FCF03786694E}"
EndProject
Global
	GlobalSection(SolutionConfigurationPlatforms) = preSolution
		Debug|x64 = Debug|x64
		Debug|x86 = Debug|x86
		Release|x64 = Release|x64
		Release|x86 = Release|x86
	EndGlobalSection
	GlobalSection(ProjectConfigurationPlatforms) = postSolution
		{FE7C61D9-F645-48EA-BF69-FCF03786694E}.Debug|x64.ActiveCfg = Debug|x64
		{FE7C61D9-F645-48EA-BF69-FCF03786694E}.Debug|x64.Build.0 = Debug|x64
		{FE7C61D9-F645-48EA-BF69-FCF03786694E}.Debug|x86.ActiveCfg = Debug|Win32
		{FE7C61D9-F645-48EA-BF69-FCF03786694E}.Debug|x86.Build.0 = Debug|Win32
		{FE7C61D9-F645-48EA-BF69-FCF03786694E}.Release|x64.ActiveCfg = Release|x64
		{FE7C61D9-F645-48EA-BF69-FCF03786694E}.Release|x64.Build.0 = Release|x64
		{FE7C61D9-F645-48EA-BF69-FCF03786694E}.Release|x86.ActiveCfg = Release|Win32
		{FE7C61D9-F645-48EA-BF69-FCF03786694E}.Release|x86.Build.0 = Release|Win32
	EndGlobalSection
	GlobalSection(SolutionProperties) = preSolution
		HideSolutionNode = FALSE
	EndGlobalSection
	GlobalSection(ExtensibilityGlobals) = postSolution
		SolutionGuid = {F3856AB6-9D7E-4B39-8A4F-D3D7E08ACDD2}
	EndGlobalSection
EndGlobal
