
Microsoft Visual Studio Solution File, Format Version 12.00
# Visual Studio Version 17
VisualStudioVersion = 17.10.34928.147
MinimumVisualStudioVersion = 10.0.40219.1
Project("{8BC9CEB8-8B4A-11D0-8D11-00A0C91BC942}") = "203_BankSystemOOP", "203_BankSystemOOP.vcxproj", "{CD468CF9-B51A-42E0-A0B6-5AF7B8E6CEF4}"
EndProject
Global
	GlobalSection(SolutionConfigurationPlatforms) = preSolution
		Debug|x64 = Debug|x64
		Debug|x86 = Debug|x86
		Release|x64 = Release|x64
		Release|x86 = Release|x86
	EndGlobalSection
	GlobalSection(ProjectConfigurationPlatforms) = postSolution
		{CD468CF9-B51A-42E0-A0B6-5AF7B8E6CEF4}.Debug|x64.ActiveCfg = Debug|x64
		{CD468CF9-B51A-42E0-A0B6-5AF7B8E6CEF4}.Debug|x64.Build.0 = Debug|x64
		{CD468CF9-B51A-42E0-A0B6-5AF7B8E6CEF4}.Debug|x86.ActiveCfg = Debug|Win32
		{CD468CF9-B51A-42E0-A0B6-5AF7B8E6CEF4}.Debug|x86.Build.0 = Debug|Win32
		{CD468CF9-B51A-42E0-A0B6-5AF7B8E6CEF4}.Release|x64.ActiveCfg = Release|x64
		{CD468CF9-B51A-42E0-A0B6-5AF7B8E6CEF4}.Release|x64.Build.0 = Release|x64
		{CD468CF9-B51A-42E0-A0B6-5AF7B8E6CEF4}.Release|x86.ActiveCfg = Release|Win32
		{CD468CF9-B51A-42E0-A0B6-5AF7B8E6CEF4}.Release|x86.Build.0 = Release|Win32
	EndGlobalSection
	GlobalSection(SolutionProperties) = preSolution
		HideSolutionNode = FALSE
	EndGlobalSection
	GlobalSection(ExtensibilityGlobals) = postSolution
		SolutionGuid = {A307710B-D4DB-4CB9-8732-BED1C7AE6B0A}
	EndGlobalSection
EndGlobal
